# THIS IS AN AUTOGENERATED FILE. DO NOT EDIT THIS FILE DIRECTLY.
# yarn lockfile v1


mersenne-twister@^1.0.1:
  version "1.1.0"
  resolved "https://registry.yarnpkg.com/mersenne-twister/-/mersenne-twister-1.1.0.tgz#f916618ee43d7179efcf641bec4531eb9670978a"
  integrity sha512-mUYWsMKNrm4lfygPkL3OfGzOPTR2DBlTkBNHM//F6hGp8cLThY897crAlk3/Jo17LEOOjQUrNAx6DvgO77QJkA==

polyfill-crypto.getrandomvalues@^1.0.0:
  version "1.0.0"
  resolved "https://registry.yarnpkg.com/polyfill-crypto.getrandomvalues/-/polyfill-crypto.getrandomvalues-1.0.0.tgz#5c95602976ebb6155b163cb65d77b9eede3b61a4"
  integrity sha512-GIkU6bg4auRnDFOqUNit7eLn9hzznrJU1CGFuivQzDeVp4Ys8cY4OY6GhAdndJwo4jryz5cJyjg9ELhvQjdrtw==
  dependencies:
    mersenne-twister "^1.0.1"
